{"version":4,"terraform_version":"1.10.6","serial":1,"lineage":"5556d75f-36e7-00fd-462a-cd12a51118cb","outputs":{"created_files":{"value":{"fluxcd":"helm-values/fluxcd/bsi-cluster-values.yaml","istio":"helm-values/istio/bsi-cluster-values.yaml","kube-vela":"helm-values/kube-vela/bsi-cluster-values.yaml","nginx":"helm-values/nginx/bsi-cluster-values.yaml","reflector":"helm-values/reflector/bsi-cluster-values.yaml","spire":"helm-values/spire/bsi-cluster-values.yaml"},"type":["object",{"fluxcd":"string","istio":"string","kube-vela":"string","nginx":"string","reflector":"string","spire":"string"}]},"helm_directories":{"value":["fluxcd","istio","kube-vela","nginx","reflector","spire"],"type":["tuple",["string","string","string","string","string","string"]]},"repository_url":{"value":"https://github.com/sohel2020/tf-helm-values","type":"string"}},"resources":[{"module":"module.helm_values","mode":"data","type":"github_branch","name":"ref","provider":"provider[\"registry.opentofu.org/integrations/github\"]","instances":[{"schema_version":0,"attributes":{"branch":"main","etag":"W/\"48c33ebf2899d9b417596fc1f2cdc0eba06ccf4a8b49d0c646d23cbbc27ace3e\"","id":"tf-helm-values:main","ref":"refs/heads/main","repository":"tf-helm-values","sha":"c5d70818a47b826635d44dfc83e636a340405e54"},"sensitive_attributes":[]}]},{"module":"module.helm_values","mode":"data","type":"github_repository","name":"repo","provider":"provider[\"registry.opentofu.org/integrations/github\"]","instances":[{"schema_version":0,"attributes":{"allow_auto_merge":false,"allow_forking":true,"allow_merge_commit":true,"allow_rebase_merge":true,"allow_squash_merge":true,"allow_update_branch":false,"archived":false,"default_branch":"main","delete_branch_on_merge":false,"description":"","fork":false,"full_name":"sohel2020/tf-helm-values","git_clone_url":"git://github.com/sohel2020/tf-helm-values.git","has_discussions":false,"has_downloads":true,"has_issues":true,"has_projects":true,"has_wiki":false,"homepage_url":"","html_url":"https://github.com/sohel2020/tf-helm-values","http_clone_url":"https://github.com/sohel2020/tf-helm-values.git","id":"tf-helm-values","is_template":false,"merge_commit_message":"PR_TITLE","merge_commit_title":"MERGE_MESSAGE","name":"tf-helm-values","node_id":"R_kgDOTNxDmA","pages":[],"primary_language":"HCL","private":true,"repo_id":1289503640,"repository_license":[],"squash_merge_commit_message":"COMMIT_MESSAGES","squash_merge_commit_title":"COMMIT_OR_PR_TITLE","ssh_clone_url":"git@github.com:sohel2020/tf-helm-values.git","svn_url":"https://github.com/sohel2020/tf-helm-values","template":[],"topics":[],"visibility":"private"},"sensitive_attributes":[]}]},{"module":"module.helm_values","mode":"data","type":"github_tree","name":"helm_values","provider":"provider[\"registry.opentofu.org/integrations/github\"]","instances":[{"schema_version":0,"attributes":{"entries":[{"mode":"040000","path":"fluxcd","sha":"cd6547c15cc6534158891df454577e33f44a7351","size":0,"type":"tree"},{"mode":"040000","path":"istio","sha":"3035d9623281e9baf90c2cc302e1d666533d502a","size":0,"type":"tree"},{"mode":"040000","path":"kube-vela","sha":"a1a38a477b84b778428220f977c347d2f8eb1958","size":0,"type":"tree"},{"mode":"040000","path":"nginx","sha":"3035d9623281e9baf90c2cc302e1d666533d502a","size":0,"type":"tree"},{"mode":"040000","path":"reflector","sha":"a1a38a477b84b778428220f977c347d2f8eb1958","size":0,"type":"tree"},{"mode":"040000","path":"spire","sha":"cd6547c15cc6534158891df454577e33f44a7351","size":0,"type":"tree"}],"id":"254e9f30c87063893997b082993034253719e003","recursive":false,"repository":"tf-helm-values","tree_sha":"254e9f30c87063893997b082993034253719e003"},"sensitive_attributes":[]}]},{"module":"module.helm_values","mode":"data","type":"github_tree","name":"repo","provider":"provider[\"registry.opentofu.org/integrations/github\"]","instances":[{"schema_version":0,"attributes":{"entries":[{"mode":"100644","path":"README.md","sha":"b6af68ca9363fe353d7d1a91d83bbfa60c1d611c","size":17,"type":"blob"},{"mode":"040000","path":"bsi-cluster","sha":"00e3dceda936bd293c712202037e447f1111be33","size":0,"type":"tree"},{"mode":"040000","path":"helm-values","sha":"254e9f30c87063893997b082993034253719e003","size":0,"type":"tree"},{"mode":"040000","path":"my-cluster","sha":"9885e0e65898eafcdaf39a71f9ebbb26acbae19c","size":0,"type":"tree"},{"mode":"040000","path":"tf-code","sha":"9885e0e65898eafcdaf39a71f9ebbb26acbae19c","size":0,"type":"tree"}],"id":"c5d70818a47b826635d44dfc83e636a340405e54","recursive":false,"repository":"tf-helm-values","tree_sha":"c5d70818a47b826635d44dfc83e636a340405e54"},"sensitive_attributes":[]}]},{"module":"module.helm_values","mode":"managed","type":"github_repository_file","name":"helm_values","provider":"provider[\"registry.opentofu.org/integrations/github\"]","instances":[{"index_key":"fluxcd","schema_version":1,"attributes":{"autocreate_branch":null,"autocreate_branch_source_branch":null,"autocreate_branch_source_sha":null,"branch":"main","commit_author":null,"commit_email":null,"commit_message":"Add bsi-cluster-values.yaml for fluxcd via Terraform","commit_sha":"1426cf26ccbd61c8cd3668eefe4089da35796025","content":"# Created by Terraform\n","file":"helm-values/fluxcd/bsi-cluster-values.yaml","id":"tf-helm-values:helm-values/fluxcd/bsi-cluster-values.yaml:main","overwrite_on_create":true,"ref":"main","repository":"tf-helm-values","repository_id":1289503640,"sha":"7a1cded5fd502a09bcd37bfdc16cb466ab54f693"},"sensitive_attributes":[],"private":"eyJzY2hlbWFfdmVyc2lvbiI6IjEifQ==","dependencies":["module.helm_values.data.github_branch.ref","module.helm_values.data.github_repository.repo","module.helm_values.data.github_tree.helm_values","module.helm_values.data.github_tree.repo"]},{"index_key":"istio","schema_version":1,"attributes":{"autocreate_branch":null,"autocreate_branch_source_branch":null,"autocreate_branch_source_sha":null,"branch":"main","commit_author":null,"commit_email":null,"commit_message":"Add bsi-cluster-values.yaml for istio via Terraform","commit_sha":"fe9b8469568fe5a2c85fae6e294ee38720fa91f3","content":"# Created by Terraform\n","file":"helm-values/istio/bsi-cluster-values.yaml","id":"tf-helm-values:helm-values/istio/bsi-cluster-values.yaml:main","overwrite_on_create":true,"ref":"main","repository":"tf-helm-values","repository_id":1289503640,"sha":"7a1cded5fd502a09bcd37bfdc16cb466ab54f693"},"sensitive_attributes":[],"private":"eyJzY2hlbWFfdmVyc2lvbiI6IjEifQ==","dependencies":["module.helm_values.data.github_branch.ref","module.helm_values.data.github_repository.repo","module.helm_values.data.github_tree.helm_values","module.helm_values.data.github_tree.repo"]},{"index_key":"kube-vela","schema_version":1,"attributes":{"autocreate_branch":null,"autocreate_branch_source_branch":null,"autocreate_branch_source_sha":null,"branch":"main","commit_author":null,"commit_email":null,"commit_message":"Add bsi-cluster-values.yaml for kube-vela via Terraform","commit_sha":"8b869668b37667782208f14ba87334d05af23aaa","content":"# Created by Terraform\n","file":"helm-values/kube-vela/bsi-cluster-values.yaml","id":"tf-helm-values:helm-values/kube-vela/bsi-cluster-values.yaml:main","overwrite_on_create":true,"ref":"main","repository":"tf-helm-values","repository_id":1289503640,"sha":"7a1cded5fd502a09bcd37bfdc16cb466ab54f693"},"sensitive_attributes":[],"private":"eyJzY2hlbWFfdmVyc2lvbiI6IjEifQ==","dependencies":["module.helm_values.data.github_branch.ref","module.helm_values.data.github_repository.repo","module.helm_values.data.github_tree.helm_values","module.helm_values.data.github_tree.repo"]},{"index_key":"nginx","schema_version":1,"attributes":{"autocreate_branch":null,"autocreate_branch_source_branch":null,"autocreate_branch_source_sha":null,"branch":"main","commit_author":null,"commit_email":null,"commit_message":"Add bsi-cluster-values.yaml for nginx via Terraform","commit_sha":"03c3849d918e9d988f06329adbefda9df02b943b","content":"# Created by Terraform\n","file":"helm-values/nginx/bsi-cluster-values.yaml","id":"tf-helm-values:helm-values/nginx/bsi-cluster-values.yaml:main","overwrite_on_create":true,"ref":"main","repository":"tf-helm-values","repository_id":1289503640,"sha":"7a1cded5fd502a09bcd37bfdc16cb466ab54f693"},"sensitive_attributes":[],"private":"eyJzY2hlbWFfdmVyc2lvbiI6IjEifQ==","dependencies":["module.helm_values.data.github_branch.ref","module.helm_values.data.github_repository.repo","module.helm_values.data.github_tree.helm_values","module.helm_values.data.github_tree.repo"]},{"index_key":"reflector","schema_version":1,"attributes":{"autocreate_branch":null,"autocreate_branch_source_branch":null,"autocreate_branch_source_sha":null,"branch":"main","commit_author":null,"commit_email":null,"commit_message":"Add bsi-cluster-values.yaml for reflector via Terraform","commit_sha":"fabab8d43d97c746af406c91dc886fe89e375a40","content":"# Created by Terraform\n","file":"helm-values/reflector/bsi-cluster-values.yaml","id":"tf-helm-values:helm-values/reflector/bsi-cluster-values.yaml:main","overwrite_on_create":true,"ref":"main","repository":"tf-helm-values","repository_id":1289503640,"sha":"7a1cded5fd502a09bcd37bfdc16cb466ab54f693"},"sensitive_attributes":[],"private":"eyJzY2hlbWFfdmVyc2lvbiI6IjEifQ==","dependencies":["module.helm_values.data.github_branch.ref","module.helm_values.data.github_repository.repo","module.helm_values.data.github_tree.helm_values","module.helm_values.data.github_tree.repo"]},{"index_key":"spire","schema_version":1,"attributes":{"autocreate_branch":null,"autocreate_branch_source_branch":null,"autocreate_branch_source_sha":null,"branch":"main","commit_author":null,"commit_email":null,"commit_message":"Add bsi-cluster-values.yaml for spire via Terraform","commit_sha":"64cd4775ac133d49455bc3b40454bad447c8f77c","content":"# Created by Terraform\n","file":"helm-values/spire/bsi-cluster-values.yaml","id":"tf-helm-values:helm-values/spire/bsi-cluster-values.yaml:main","overwrite_on_create":true,"ref":"main","repository":"tf-helm-values","repository_id":1289503640,"sha":"7a1cded5fd502a09bcd37bfdc16cb466ab54f693"},"sensitive_attributes":[],"private":"eyJzY2hlbWFfdmVyc2lvbiI6IjEifQ==","dependencies":["module.helm_values.data.github_branch.ref","module.helm_values.data.github_repository.repo","module.helm_values.data.github_tree.helm_values","module.helm_values.data.github_tree.repo"]}]}],"check_results":null}
