{"version":4,"terraform_version":"1.10.6","serial":3,"lineage":"5556d75f-36e7-00fd-462a-cd12a51118cb","outputs":{"created_files":{"value":{"fluxcd":"helm-values/fluxcd/bsi-cluster-values.yaml","istio":"helm-values/istio/bsi-cluster-values.yaml","kube-vela":"helm-values/kube-vela/bsi-cluster-values.yaml","nginx":"helm-values/nginx/bsi-cluster-values.yaml","podinfo":"helm-values/podinfo/bsi-cluster-values.yaml","reflector":"helm-values/reflector/bsi-cluster-values.yaml","spire":"helm-values/spire/bsi-cluster-values.yaml"},"type":["object",{"fluxcd":"string","istio":"string","kube-vela":"string","nginx":"string","podinfo":"string","reflector":"string","spire":"string"}]},"helm_directories":{"value":["fluxcd","istio","kube-vela","nginx","podinfo","reflector","spire"],"type":["tuple",["string","string","string","string","string","string","string"]]},"repository_url":{"value":"https://github.com/sohel2020/tf-helm-values","type":"string"}},"resources":[{"module":"module.helm_values","mode":"data","type":"github_branch","name":"ref","provider":"provider[\"registry.opentofu.org/integrations/github\"]","instances":[{"schema_version":0,"attributes":{"branch":"main","etag":"W/\"11c2b1a1819d1c9130a1c659a1f53cf4ed13785b90e157ba72dc5d4020adf0ed\"","id":"tf-helm-values:main","ref":"refs/heads/main","repository":"tf-helm-values","sha":"cd105a0f7590b1f183ad94511dca1aeb322aec19"},"sensitive_attributes":[]}]},{"module":"module.helm_values","mode":"data","type":"github_repository","name":"repo","provider":"provider[\"registry.opentofu.org/integrations/github\"]","instances":[{"schema_version":0,"attributes":{"allow_auto_merge":false,"allow_forking":true,"allow_merge_commit":true,"allow_rebase_merge":true,"allow_squash_merge":true,"allow_update_branch":false,"archived":false,"default_branch":"main","delete_branch_on_merge":false,"description":"","fork":false,"full_name":"sohel2020/tf-helm-values","git_clone_url":"git://github.com/sohel2020/tf-helm-values.git","has_discussions":false,"has_downloads":true,"has_issues":true,"has_projects":true,"has_wiki":false,"homepage_url":"","html_url":"https://github.com/sohel2020/tf-helm-values","http_clone_url":"https://github.com/sohel2020/tf-helm-values.git","id":"tf-helm-values","is_template":false,"merge_commit_message":"PR_TITLE","merge_commit_title":"MERGE_MESSAGE","name":"tf-helm-values","node_id":"R_kgDOTNxDmA","pages":[],"primary_language":"HCL","private":true,"repo_id":1289503640,"repository_license":[],"squash_merge_commit_message":"COMMIT_MESSAGES","squash_merge_commit_title":"COMMIT_OR_PR_TITLE","ssh_clone_url":"git@github.com:sohel2020/tf-helm-values.git","svn_url":"https://github.com/sohel2020/tf-helm-values","template":[],"topics":[],"visibility":"private"},"sensitive_attributes":[]}]},{"module":"module.helm_values","mode":"data","type":"github_tree","name":"helm_values","provider":"provider[\"registry.opentofu.org/integrations/github\"]","instances":[{"schema_version":0,"attributes":{"entries":[{"mode":"040000","path":"fluxcd","sha":"44869ae0dff8844a402f7b121c9060b45537d0da","size":0,"type":"tree"},{"mode":"040000","path":"istio","sha":"8300beb9046259d4d6e1c0ad74da766cda0977c2","size":0,"type":"tree"},{"mode":"040000","path":"kube-vela","sha":"2c092df0fcd24a37fc7eda9759d5b24adbdb512f","size":0,"type":"tree"},{"mode":"040000","path":"nginx","sha":"8300beb9046259d4d6e1c0ad74da766cda0977c2","size":0,"type":"tree"},{"mode":"040000","path":"podinfo","sha":"2c092df0fcd24a37fc7eda9759d5b24adbdb512f","size":0,"type":"tree"},{"mode":"040000","path":"reflector","sha":"2c092df0fcd24a37fc7eda9759d5b24adbdb512f","size":0,"type":"tree"},{"mode":"040000","path":"spire","sha":"44869ae0dff8844a402f7b121c9060b45537d0da","size":0,"type":"tree"}],"id":"1e56dd797b544bf7d42a6ff7d6573b20acbcb6eb","recursive":false,"repository":"tf-helm-values","tree_sha":"1e56dd797b544bf7d42a6ff7d6573b20acbcb6eb"},"sensitive_attributes":[]}]},{"module":"module.helm_values","mode":"data","type":"github_tree","name":"repo","provider":"provider[\"registry.opentofu.org/integrations/github\"]","instances":[{"schema_version":0,"attributes":{"entries":[{"mode":"100644","path":"README.md","sha":"b6af68ca9363fe353d7d1a91d83bbfa60c1d611c","size":17,"type":"blob"},{"mode":"040000","path":"bsi-cluster","sha":"3af5b3de8eeccf273e1695ed9d725d20947d3f3b","size":0,"type":"tree"},{"mode":"040000","path":"helm-values","sha":"1e56dd797b544bf7d42a6ff7d6573b20acbcb6eb","size":0,"type":"tree"},{"mode":"040000","path":"modules","sha":"3ba42ffb0ee1459d14d6ef2efdf4448f196355ab","size":0,"type":"tree"},{"mode":"040000","path":"my-cluster","sha":"2cbe792cfd885ab789f058179961b551dff180b3","size":0,"type":"tree"},{"mode":"040000","path":"tf-code","sha":"9885e0e65898eafcdaf39a71f9ebbb26acbae19c","size":0,"type":"tree"}],"id":"cd105a0f7590b1f183ad94511dca1aeb322aec19","recursive":false,"repository":"tf-helm-values","tree_sha":"cd105a0f7590b1f183ad94511dca1aeb322aec19"},"sensitive_attributes":[]}]},{"module":"module.helm_values","mode":"managed","type":"github_repository_file","name":"helm_values","provider":"provider[\"registry.opentofu.org/integrations/github\"]","instances":[{"index_key":"fluxcd","schema_version":1,"attributes":{"autocreate_branch":null,"autocreate_branch_source_branch":null,"autocreate_branch_source_sha":null,"branch":"main","commit_author":null,"commit_email":null,"commit_message":"Add bsi-cluster-values.yaml for fluxcd via Terraform","commit_sha":"570aebee76dd3adde2fd6f8173253e18fe8e1911","content":"# Created by Terraform\n","file":"helm-values/fluxcd/bsi-cluster-values.yaml","id":"tf-helm-values:helm-values/fluxcd/bsi-cluster-values.yaml:main","overwrite_on_create":true,"ref":"main","repository":"tf-helm-values","repository_id":1289503640,"sha":"7a1cded5fd502a09bcd37bfdc16cb466ab54f693"},"sensitive_attributes":[],"private":"eyJzY2hlbWFfdmVyc2lvbiI6IjEifQ==","dependencies":["module.helm_values.data.github_branch.ref","module.helm_values.data.github_repository.repo","module.helm_values.data.github_tree.helm_values","module.helm_values.data.github_tree.repo"]},{"index_key":"istio","schema_version":1,"attributes":{"autocreate_branch":null,"autocreate_branch_source_branch":null,"autocreate_branch_source_sha":null,"branch":"main","commit_author":null,"commit_email":null,"commit_message":"Add bsi-cluster-values.yaml for istio via Terraform","commit_sha":"2f5a1786c641d10a1575494beeb4adfdde62d272","content":"# Created by Terraform\n","file":"helm-values/istio/bsi-cluster-values.yaml","id":"tf-helm-values:helm-values/istio/bsi-cluster-values.yaml:main","overwrite_on_create":true,"ref":"main","repository":"tf-helm-values","repository_id":1289503640,"sha":"7a1cded5fd502a09bcd37bfdc16cb466ab54f693"},"sensitive_attributes":[],"private":"eyJzY2hlbWFfdmVyc2lvbiI6IjEifQ==","dependencies":["module.helm_values.data.github_branch.ref","module.helm_values.data.github_repository.repo","module.helm_values.data.github_tree.helm_values","module.helm_values.data.github_tree.repo"]},{"index_key":"kube-vela","schema_version":1,"attributes":{"autocreate_branch":null,"autocreate_branch_source_branch":null,"autocreate_branch_source_sha":null,"branch":"main","commit_author":null,"commit_email":null,"commit_message":"Add bsi-cluster-values.yaml for kube-vela via Terraform","commit_sha":"3d5637d94be538bdbf2bc5d34b9703d5baec28a2","content":"# Created by Terraform\n","file":"helm-values/kube-vela/bsi-cluster-values.yaml","id":"tf-helm-values:helm-values/kube-vela/bsi-cluster-values.yaml:main","overwrite_on_create":true,"ref":"main","repository":"tf-helm-values","repository_id":1289503640,"sha":"7a1cded5fd502a09bcd37bfdc16cb466ab54f693"},"sensitive_attributes":[],"private":"eyJzY2hlbWFfdmVyc2lvbiI6IjEifQ==","dependencies":["module.helm_values.data.github_branch.ref","module.helm_values.data.github_repository.repo","module.helm_values.data.github_tree.helm_values","module.helm_values.data.github_tree.repo"]},{"index_key":"nginx","schema_version":1,"attributes":{"autocreate_branch":null,"autocreate_branch_source_branch":null,"autocreate_branch_source_sha":null,"branch":"main","commit_author":null,"commit_email":null,"commit_message":"Add bsi-cluster-values.yaml for nginx via Terraform","commit_sha":"ab6fafdfbd407c231e11ce1fb8363acccc2af5e5","content":"# Created by Terraform\n","file":"helm-values/nginx/bsi-cluster-values.yaml","id":"tf-helm-values:helm-values/nginx/bsi-cluster-values.yaml:main","overwrite_on_create":true,"ref":"main","repository":"tf-helm-values","repository_id":1289503640,"sha":"7a1cded5fd502a09bcd37bfdc16cb466ab54f693"},"sensitive_attributes":[],"private":"eyJzY2hlbWFfdmVyc2lvbiI6IjEifQ==","dependencies":["module.helm_values.data.github_branch.ref","module.helm_values.data.github_repository.repo","module.helm_values.data.github_tree.helm_values","module.helm_values.data.github_tree.repo"]},{"index_key":"podinfo","schema_version":1,"attributes":{"autocreate_branch":null,"autocreate_branch_source_branch":null,"autocreate_branch_source_sha":null,"branch":"main","commit_author":null,"commit_email":null,"commit_message":"Add bsi-cluster-values.yaml for podinfo via Terraform","commit_sha":"de40df9226d7b58cf44000bac5348c6febb9886f","content":"# Created by Terraform\n","file":"helm-values/podinfo/bsi-cluster-values.yaml","id":"tf-helm-values:helm-values/podinfo/bsi-cluster-values.yaml:main","overwrite_on_create":true,"ref":"main","repository":"tf-helm-values","repository_id":1289503640,"sha":"7a1cded5fd502a09bcd37bfdc16cb466ab54f693"},"sensitive_attributes":[],"private":"eyJzY2hlbWFfdmVyc2lvbiI6IjEifQ==","dependencies":["module.helm_values.data.github_branch.ref","module.helm_values.data.github_repository.repo","module.helm_values.data.github_tree.helm_values","module.helm_values.data.github_tree.repo"]},{"index_key":"reflector","schema_version":1,"attributes":{"autocreate_branch":null,"autocreate_branch_source_branch":null,"autocreate_branch_source_sha":null,"branch":"main","commit_author":null,"commit_email":null,"commit_message":"Add bsi-cluster-values.yaml for reflector via Terraform","commit_sha":"467fe0d35d3c6b882077645d526f0bcfde0a7ee3","content":"# Created by Terraform\n","file":"helm-values/reflector/bsi-cluster-values.yaml","id":"tf-helm-values:helm-values/reflector/bsi-cluster-values.yaml:main","overwrite_on_create":true,"ref":"main","repository":"tf-helm-values","repository_id":1289503640,"sha":"7a1cded5fd502a09bcd37bfdc16cb466ab54f693"},"sensitive_attributes":[],"private":"eyJzY2hlbWFfdmVyc2lvbiI6IjEifQ==","dependencies":["module.helm_values.data.github_branch.ref","module.helm_values.data.github_repository.repo","module.helm_values.data.github_tree.helm_values","module.helm_values.data.github_tree.repo"]},{"index_key":"spire","schema_version":1,"attributes":{"autocreate_branch":null,"autocreate_branch_source_branch":null,"autocreate_branch_source_sha":null,"branch":"main","commit_author":null,"commit_email":null,"commit_message":"Add bsi-cluster-values.yaml for spire via Terraform","commit_sha":"8ead0110a17887ca60562bf9b18bc4632d97bddc","content":"# Created by Terraform\n","file":"helm-values/spire/bsi-cluster-values.yaml","id":"tf-helm-values:helm-values/spire/bsi-cluster-values.yaml:main","overwrite_on_create":true,"ref":"main","repository":"tf-helm-values","repository_id":1289503640,"sha":"7a1cded5fd502a09bcd37bfdc16cb466ab54f693"},"sensitive_attributes":[],"private":"eyJzY2hlbWFfdmVyc2lvbiI6IjEifQ==","dependencies":["module.helm_values.data.github_branch.ref","module.helm_values.data.github_repository.repo","module.helm_values.data.github_tree.helm_values","module.helm_values.data.github_tree.repo"]}]}],"check_results":null}
